
Microsoft Visual Studio Solution File, Format Version 12.00
Project("{FAE04EC0-301F-11D3-BF4B-00C04F79EFBC}") = "WorkingWithFileSystems", "WorkingWithFileSystems\WorkingWithFileSystems.csproj", "{319A8D68-907A-43F6-9926-4EA17CB27EED}"
EndProject
Global
	GlobalSection(SolutionConfigurationPlatforms) = preSolution
		Debug|Any CPU = Debug|Any CPU
		Release|Any CPU = Release|Any CPU
	EndGlobalSection
	GlobalSection(ProjectConfigurationPlatforms) = postSolution
		{319A8D68-907A-43F6-9926-4EA17CB27EED}.Debug|Any CPU.ActiveCfg = Debug|Any CPU
		{319A8D68-907A-43F6-9926-4EA17CB27EED}.Debug|Any CPU.Build.0 = Debug|Any CPU
		{319A8D68-907A-43F6-9926-4EA17CB27EED}.Release|Any CPU.ActiveCfg = Release|Any CPU
		{319A8D68-907A-43F6-9926-4EA17CB27EED}.Release|Any CPU.Build.0 = Release|Any CPU
	EndGlobalSection
EndGlobal
