
Microsoft Visual Studio Solution File, Format Version 12.00
# Visual Studio Version 17
VisualStudioVersion = 17.0.31903.59
MinimumVisualStudioVersion = 10.0.40219.1
Project("{9A19103F-16F7-4668-BE54-9A1E7A4F7556}") = "HelloCS", "HelloCS\HelloCS.csproj", "{287C78A2-0B6F-4C69-94F4-DD99BEBDBD82}"
EndProject
Project("{9A19103F-16F7-4668-BE54-9A1E7A4F7556}") = "Vocabulary", "Vocabulary\Vocabulary.csproj", "{377B874D-357D-4B09-AB79-9CA4F899E9D7}"
EndProject
Project("{FAE04EC0-301F-11D3-BF4B-00C04F79EFBC}") = "Numbers", "Numbers\Numbers.csproj", "{AAB81787-F484-4F25-B49F-620458D86330}"
EndProject
Global
	GlobalSection(SolutionConfigurationPlatforms) = preSolution
		Debug|Any CPU = Debug|Any CPU
		Release|Any CPU = Release|Any CPU
	EndGlobalSection
	GlobalSection(ProjectConfigurationPlatforms) = postSolution
		{287C78A2-0B6F-4C69-94F4-DD99BEBDBD82}.Debug|Any CPU.ActiveCfg = Debug|Any CPU
		{287C78A2-0B6F-4C69-94F4-DD99BEBDBD82}.Debug|Any CPU.Build.0 = Debug|Any CPU
		{287C78A2-0B6F-4C69-94F4-DD99BEBDBD82}.Release|Any CPU.ActiveCfg = Release|Any CPU
		{287C78A2-0B6F-4C69-94F4-DD99BEBDBD82}.Release|Any CPU.Build.0 = Release|Any CPU
		{377B874D-357D-4B09-AB79-9CA4F899E9D7}.Debug|Any CPU.ActiveCfg = Debug|Any CPU
		{377B874D-357D-4B09-AB79-9CA4F899E9D7}.Debug|Any CPU.Build.0 = Debug|Any CPU
		{377B874D-357D-4B09-AB79-9CA4F899E9D7}.Release|Any CPU.ActiveCfg = Release|Any CPU
		{377B874D-357D-4B09-AB79-9CA4F899E9D7}.Release|Any CPU.Build.0 = Release|Any CPU
		{AAB81787-F484-4F25-B49F-620458D86330}.Debug|Any CPU.ActiveCfg = Debug|Any CPU
		{AAB81787-F484-4F25-B49F-620458D86330}.Debug|Any CPU.Build.0 = Debug|Any CPU
		{AAB81787-F484-4F25-B49F-620458D86330}.Release|Any CPU.ActiveCfg = Release|Any CPU
		{AAB81787-F484-4F25-B49F-620458D86330}.Release|Any CPU.Build.0 = Release|Any CPU
	EndGlobalSection
	GlobalSection(SolutionProperties) = preSolution
		HideSolutionNode = FALSE
	EndGlobalSection
	GlobalSection(ExtensibilityGlobals) = postSolution
		SolutionGuid = {D8DB0F20-49C1-4494-BD6E-BC0ED2A1432F}
	EndGlobalSection
EndGlobal
