
Microsoft Visual Studio Solution File, Format Version 12.00
# Visual Studio Version 17
VisualStudioVersion = 17.7.34018.315
MinimumVisualStudioVersion = 10.0.40219.1
Project("{9A19103F-16F7-4668-BE54-9A1E7A4F7556}") = "Arrays", "Arrays\Arrays.csproj", "{27497E74-0E6B-4163-96B5-CF4BB5317C6A}"
EndProject
Project("{9A19103F-16F7-4668-BE54-9A1E7A4F7556}") = "Arrays2D", "Arrays2D\Arrays2D.csproj", "{164B3E33-007A-40E2-804C-F0AA86D453A0}"
EndProject
Project("{9A19103F-16F7-4668-BE54-9A1E7A4F7556}") = "Exercise-Tictactoe", "Exercise-Tictactoe\Exercise-Tictactoe.csproj", "{AF9AE6C8-8170-424D-AD83-67E44BB3EEE3}"
EndProject
Project("{9A19103F-16F7-4668-BE54-9A1E7A4F7556}") = "JaggedArrays", "JaggedArrays\JaggedArrays.csproj", "{88F2BB68-77F6-476A-97D2-92CB2D05877F}"
EndProject
Project("{FAE04EC0-301F-11D3-BF4B-00C04F79EFBC}") = "ArraysAsParameters", "ArraysAsParameters\ArraysAsParameters.csproj", "{804D149C-3005-4D51-9085-7344E3DA91F4}"
Project("{9A19103F-16F7-4668-BE54-9A1E7A4F7556}") = "ParamsExample", "ParamsExample\ParamsExample.csproj", "{69806946-7EEA-4366-9BC3-17B1F756A081}"
EndProject
Project("{9A19103F-16F7-4668-BE54-9A1E7A4F7556}") = "ArrayListC", "ArrayListC\ArrayListC.csproj", "{AA1A43BC-8902-4BE4-84F5-5B01FE80978F}"
EndProject
Project("{9A19103F-16F7-4668-BE54-9A1E7A4F7556}") = "ListsC", "ListsC\ListsC.csproj", "{EDEE3937-54C1-47D2-B779-8DF4BB40FA20}"
EndProject
Project("{9A19103F-16F7-4668-BE54-9A1E7A4F7556}") = "HashTablesC", "HashTablesC\HashTablesC.csproj", "{41667947-8021-4680-B520-F406B539F1AE}"
EndProject
Project("{9A19103F-16F7-4668-BE54-9A1E7A4F7556}") = "DictionariesC", "DictionariesC\DictionariesC.csproj", "{A95C9A37-53EB-44F4-BBE2-B227366F5FDA}"
EndProject
Project("{9A19103F-16F7-4668-BE54-9A1E7A4F7556}") = "StacksAndQueuesC", "StacksAndQueuesC\StacksAndQueuesC.csproj", "{CF074E86-220A-48CA-85E8-43EB427ABE60}"
EndProject
Project("{FAE04EC0-301F-11D3-BF4B-00C04F79EFBC}") = "QueuesC", "QueuesC\QueuesC.csproj", "{EE0CFF28-8543-4B74-BF9C-C4C7E9EE3393}"
EndProject
Global
	GlobalSection(SolutionConfigurationPlatforms) = preSolution
		Debug|Any CPU = Debug|Any CPU
		Release|Any CPU = Release|Any CPU
	EndGlobalSection
	GlobalSection(ProjectConfigurationPlatforms) = postSolution
		{27497E74-0E6B-4163-96B5-CF4BB5317C6A}.Debug|Any CPU.ActiveCfg = Debug|Any CPU
		{27497E74-0E6B-4163-96B5-CF4BB5317C6A}.Debug|Any CPU.Build.0 = Debug|Any CPU
		{27497E74-0E6B-4163-96B5-CF4BB5317C6A}.Release|Any CPU.ActiveCfg = Release|Any CPU
		{27497E74-0E6B-4163-96B5-CF4BB5317C6A}.Release|Any CPU.Build.0 = Release|Any CPU
		{164B3E33-007A-40E2-804C-F0AA86D453A0}.Debug|Any CPU.ActiveCfg = Debug|Any CPU
		{164B3E33-007A-40E2-804C-F0AA86D453A0}.Debug|Any CPU.Build.0 = Debug|Any CPU
		{164B3E33-007A-40E2-804C-F0AA86D453A0}.Release|Any CPU.ActiveCfg = Release|Any CPU
		{164B3E33-007A-40E2-804C-F0AA86D453A0}.Release|Any CPU.Build.0 = Release|Any CPU
		{AF9AE6C8-8170-424D-AD83-67E44BB3EEE3}.Debug|Any CPU.ActiveCfg = Debug|Any CPU
		{AF9AE6C8-8170-424D-AD83-67E44BB3EEE3}.Debug|Any CPU.Build.0 = Debug|Any CPU
		{AF9AE6C8-8170-424D-AD83-67E44BB3EEE3}.Release|Any CPU.ActiveCfg = Release|Any CPU
		{AF9AE6C8-8170-424D-AD83-67E44BB3EEE3}.Release|Any CPU.Build.0 = Release|Any CPU
		{88F2BB68-77F6-476A-97D2-92CB2D05877F}.Debug|Any CPU.ActiveCfg = Debug|Any CPU
		{88F2BB68-77F6-476A-97D2-92CB2D05877F}.Debug|Any CPU.Build.0 = Debug|Any CPU
		{88F2BB68-77F6-476A-97D2-92CB2D05877F}.Release|Any CPU.ActiveCfg = Release|Any CPU
		{88F2BB68-77F6-476A-97D2-92CB2D05877F}.Release|Any CPU.Build.0 = Release|Any CPU
<<<<<<< HEAD
		{804D149C-3005-4D51-9085-7344E3DA91F4}.Debug|Any CPU.ActiveCfg = Debug|Any CPU
		{804D149C-3005-4D51-9085-7344E3DA91F4}.Debug|Any CPU.Build.0 = Debug|Any CPU
		{804D149C-3005-4D51-9085-7344E3DA91F4}.Release|Any CPU.ActiveCfg = Release|Any CPU
		{804D149C-3005-4D51-9085-7344E3DA91F4}.Release|Any CPU.Build.0 = Release|Any CPU
=======
		{69806946-7EEA-4366-9BC3-17B1F756A081}.Debug|Any CPU.ActiveCfg = Debug|Any CPU
		{69806946-7EEA-4366-9BC3-17B1F756A081}.Debug|Any CPU.Build.0 = Debug|Any CPU
		{69806946-7EEA-4366-9BC3-17B1F756A081}.Release|Any CPU.ActiveCfg = Release|Any CPU
		{69806946-7EEA-4366-9BC3-17B1F756A081}.Release|Any CPU.Build.0 = Release|Any CPU
		{AA1A43BC-8902-4BE4-84F5-5B01FE80978F}.Debug|Any CPU.ActiveCfg = Debug|Any CPU
		{AA1A43BC-8902-4BE4-84F5-5B01FE80978F}.Debug|Any CPU.Build.0 = Debug|Any CPU
		{AA1A43BC-8902-4BE4-84F5-5B01FE80978F}.Release|Any CPU.ActiveCfg = Release|Any CPU
		{AA1A43BC-8902-4BE4-84F5-5B01FE80978F}.Release|Any CPU.Build.0 = Release|Any CPU
		{EDEE3937-54C1-47D2-B779-8DF4BB40FA20}.Debug|Any CPU.ActiveCfg = Debug|Any CPU
		{EDEE3937-54C1-47D2-B779-8DF4BB40FA20}.Debug|Any CPU.Build.0 = Debug|Any CPU
		{EDEE3937-54C1-47D2-B779-8DF4BB40FA20}.Release|Any CPU.ActiveCfg = Release|Any CPU
		{EDEE3937-54C1-47D2-B779-8DF4BB40FA20}.Release|Any CPU.Build.0 = Release|Any CPU
		{41667947-8021-4680-B520-F406B539F1AE}.Debug|Any CPU.ActiveCfg = Debug|Any CPU
		{41667947-8021-4680-B520-F406B539F1AE}.Debug|Any CPU.Build.0 = Debug|Any CPU
		{41667947-8021-4680-B520-F406B539F1AE}.Release|Any CPU.ActiveCfg = Release|Any CPU
		{41667947-8021-4680-B520-F406B539F1AE}.Release|Any CPU.Build.0 = Release|Any CPU
		{A95C9A37-53EB-44F4-BBE2-B227366F5FDA}.Debug|Any CPU.ActiveCfg = Debug|Any CPU
		{A95C9A37-53EB-44F4-BBE2-B227366F5FDA}.Debug|Any CPU.Build.0 = Debug|Any CPU
		{A95C9A37-53EB-44F4-BBE2-B227366F5FDA}.Release|Any CPU.ActiveCfg = Release|Any CPU
		{A95C9A37-53EB-44F4-BBE2-B227366F5FDA}.Release|Any CPU.Build.0 = Release|Any CPU
		{CF074E86-220A-48CA-85E8-43EB427ABE60}.Debug|Any CPU.ActiveCfg = Debug|Any CPU
		{CF074E86-220A-48CA-85E8-43EB427ABE60}.Debug|Any CPU.Build.0 = Debug|Any CPU
		{CF074E86-220A-48CA-85E8-43EB427ABE60}.Release|Any CPU.ActiveCfg = Release|Any CPU
		{CF074E86-220A-48CA-85E8-43EB427ABE60}.Release|Any CPU.Build.0 = Release|Any CPU
		{EE0CFF28-8543-4B74-BF9C-C4C7E9EE3393}.Debug|Any CPU.ActiveCfg = Debug|Any CPU
		{EE0CFF28-8543-4B74-BF9C-C4C7E9EE3393}.Debug|Any CPU.Build.0 = Debug|Any CPU
		{EE0CFF28-8543-4B74-BF9C-C4C7E9EE3393}.Release|Any CPU.ActiveCfg = Release|Any CPU
		{EE0CFF28-8543-4B74-BF9C-C4C7E9EE3393}.Release|Any CPU.Build.0 = Release|Any CPU
>>>>>>> 46c0d54c086be8aae3740b0ccd994945ddb614a8
	EndGlobalSection
	GlobalSection(SolutionProperties) = preSolution
		HideSolutionNode = FALSE
	EndGlobalSection
	GlobalSection(ExtensibilityGlobals) = postSolution
		SolutionGuid = {F6C4F243-7271-4519-9017-E089774AB1E3}
	EndGlobalSection
EndGlobal
