
Microsoft Visual Studio Solution File, Format Version 12.00
Project("{FAE04EC0-301F-11D3-BF4B-00C04F79EFBC}") = "PropertyApp", "PropertyApp\PropertyApp.csproj", "{ACED677E-FFC8-4690-86AB-851F13A8556E}"
EndProject
Global
	GlobalSection(SolutionConfigurationPlatforms) = preSolution
		Debug|Any CPU = Debug|Any CPU
		Release|Any CPU = Release|Any CPU
	EndGlobalSection
	GlobalSection(ProjectConfigurationPlatforms) = postSolution
		{ACED677E-FFC8-4690-86AB-851F13A8556E}.Debug|Any CPU.ActiveCfg = Debug|Any CPU
		{ACED677E-FFC8-4690-86AB-851F13A8556E}.Debug|Any CPU.Build.0 = Debug|Any CPU
		{ACED677E-FFC8-4690-86AB-851F13A8556E}.Release|Any CPU.ActiveCfg = Release|Any CPU
		{ACED677E-FFC8-4690-86AB-851F13A8556E}.Release|Any CPU.Build.0 = Release|Any CPU
	EndGlobalSection
EndGlobal
