
Microsoft Visual Studio Solution File, Format Version 12.00
# Visual Studio Version 17
VisualStudioVersion = 17.7.34018.315
MinimumVisualStudioVersion = 10.0.40219.1
Project("{9A19103F-16F7-4668-BE54-9A1E7A4F7556}") = "Operators", "Operators\Operators.csproj", "{7F15AE0D-41A4-4687-BAAD-0D6939F9EF08}"
EndProject
Project("{9A19103F-16F7-4668-BE54-9A1E7A4F7556}") = "BooleanOperators", "BooleanOperators\BooleanOperators.csproj", "{50587EFA-4593-41F6-8D10-864F1EF18031}"
EndProject
Project("{9A19103F-16F7-4668-BE54-9A1E7A4F7556}") = "BitwiseAndShiftOperators", "BitwiseAndShiftOperators\BitwiseAndShiftOperators.csproj", "{90699955-D7BC-4905-9333-9A4473056880}"
EndProject
Project("{9A19103F-16F7-4668-BE54-9A1E7A4F7556}") = "SelectionStatements", "SelectionStatements\SelectionStatements.csproj", "{E30F0A27-3554-49C9-86FF-D589FE78579B}"
EndProject
Project("{9A19103F-16F7-4668-BE54-9A1E7A4F7556}") = "IterationStatements", "IterationStatements\IterationStatements.csproj", "{86AE1CF9-A517-4E9C-8642-9350528AB78C}"
EndProject
Project("{9A19103F-16F7-4668-BE54-9A1E7A4F7556}") = "Arrays", "Arrays\Arrays.csproj", "{952C6D7F-1083-4D95-913D-C37618F7BCCA}"
EndProject
Project("{FAE04EC0-301F-11D3-BF4B-00C04F79EFBC}") = "CastingConverting", "CastingConverting\CastingConverting.csproj", "{FC8CF6A8-F905-453A-8515-06342F3712B7}"
EndProject
Project("{FAE04EC0-301F-11D3-BF4B-00C04F79EFBC}") = "HandlingExceptions", "HandlingExceptions\HandlingExceptions.csproj", "{0D5A3D35-65B2-4CEC-8ACB-2C1387285C87}"
EndProject
Project("{FAE04EC0-301F-11D3-BF4B-00C04F79EFBC}") = "CheckingForOverflow", "CheckingForOverflow\CheckingForOverflow.csproj", "{526BDCB1-79FE-4A09-A360-AC0FC7BE7D68}"
EndProject
Project("{FAE04EC0-301F-11D3-BF4B-00C04F79EFBC}") = "Exercise3_2", "Exercise3_2\Exercise3_2.csproj", "{A64ACD4D-920C-4F88-B8C2-A0F83BE6129E}"
EndProject
Global
	GlobalSection(SolutionConfigurationPlatforms) = preSolution
		Debug|Any CPU = Debug|Any CPU
		Release|Any CPU = Release|Any CPU
	EndGlobalSection
	GlobalSection(ProjectConfigurationPlatforms) = postSolution
		{7F15AE0D-41A4-4687-BAAD-0D6939F9EF08}.Debug|Any CPU.ActiveCfg = Debug|Any CPU
		{7F15AE0D-41A4-4687-BAAD-0D6939F9EF08}.Debug|Any CPU.Build.0 = Debug|Any CPU
		{7F15AE0D-41A4-4687-BAAD-0D6939F9EF08}.Release|Any CPU.ActiveCfg = Release|Any CPU
		{7F15AE0D-41A4-4687-BAAD-0D6939F9EF08}.Release|Any CPU.Build.0 = Release|Any CPU
		{50587EFA-4593-41F6-8D10-864F1EF18031}.Debug|Any CPU.ActiveCfg = Debug|Any CPU
		{50587EFA-4593-41F6-8D10-864F1EF18031}.Debug|Any CPU.Build.0 = Debug|Any CPU
		{50587EFA-4593-41F6-8D10-864F1EF18031}.Release|Any CPU.ActiveCfg = Release|Any CPU
		{50587EFA-4593-41F6-8D10-864F1EF18031}.Release|Any CPU.Build.0 = Release|Any CPU
		{90699955-D7BC-4905-9333-9A4473056880}.Debug|Any CPU.ActiveCfg = Debug|Any CPU
		{90699955-D7BC-4905-9333-9A4473056880}.Debug|Any CPU.Build.0 = Debug|Any CPU
		{90699955-D7BC-4905-9333-9A4473056880}.Release|Any CPU.ActiveCfg = Release|Any CPU
		{90699955-D7BC-4905-9333-9A4473056880}.Release|Any CPU.Build.0 = Release|Any CPU
		{E30F0A27-3554-49C9-86FF-D589FE78579B}.Debug|Any CPU.ActiveCfg = Debug|Any CPU
		{E30F0A27-3554-49C9-86FF-D589FE78579B}.Debug|Any CPU.Build.0 = Debug|Any CPU
		{E30F0A27-3554-49C9-86FF-D589FE78579B}.Release|Any CPU.ActiveCfg = Release|Any CPU
		{E30F0A27-3554-49C9-86FF-D589FE78579B}.Release|Any CPU.Build.0 = Release|Any CPU
		{86AE1CF9-A517-4E9C-8642-9350528AB78C}.Debug|Any CPU.ActiveCfg = Debug|Any CPU
		{86AE1CF9-A517-4E9C-8642-9350528AB78C}.Debug|Any CPU.Build.0 = Debug|Any CPU
		{86AE1CF9-A517-4E9C-8642-9350528AB78C}.Release|Any CPU.ActiveCfg = Release|Any CPU
		{86AE1CF9-A517-4E9C-8642-9350528AB78C}.Release|Any CPU.Build.0 = Release|Any CPU
		{952C6D7F-1083-4D95-913D-C37618F7BCCA}.Debug|Any CPU.ActiveCfg = Debug|Any CPU
		{952C6D7F-1083-4D95-913D-C37618F7BCCA}.Debug|Any CPU.Build.0 = Debug|Any CPU
		{952C6D7F-1083-4D95-913D-C37618F7BCCA}.Release|Any CPU.ActiveCfg = Release|Any CPU
		{952C6D7F-1083-4D95-913D-C37618F7BCCA}.Release|Any CPU.Build.0 = Release|Any CPU
		{FC8CF6A8-F905-453A-8515-06342F3712B7}.Debug|Any CPU.ActiveCfg = Debug|Any CPU
		{FC8CF6A8-F905-453A-8515-06342F3712B7}.Debug|Any CPU.Build.0 = Debug|Any CPU
		{FC8CF6A8-F905-453A-8515-06342F3712B7}.Release|Any CPU.ActiveCfg = Release|Any CPU
		{FC8CF6A8-F905-453A-8515-06342F3712B7}.Release|Any CPU.Build.0 = Release|Any CPU
		{0D5A3D35-65B2-4CEC-8ACB-2C1387285C87}.Debug|Any CPU.ActiveCfg = Debug|Any CPU
		{0D5A3D35-65B2-4CEC-8ACB-2C1387285C87}.Debug|Any CPU.Build.0 = Debug|Any CPU
		{0D5A3D35-65B2-4CEC-8ACB-2C1387285C87}.Release|Any CPU.ActiveCfg = Release|Any CPU
		{0D5A3D35-65B2-4CEC-8ACB-2C1387285C87}.Release|Any CPU.Build.0 = Release|Any CPU
		{526BDCB1-79FE-4A09-A360-AC0FC7BE7D68}.Debug|Any CPU.ActiveCfg = Debug|Any CPU
		{526BDCB1-79FE-4A09-A360-AC0FC7BE7D68}.Debug|Any CPU.Build.0 = Debug|Any CPU
		{526BDCB1-79FE-4A09-A360-AC0FC7BE7D68}.Release|Any CPU.ActiveCfg = Release|Any CPU
		{526BDCB1-79FE-4A09-A360-AC0FC7BE7D68}.Release|Any CPU.Build.0 = Release|Any CPU
		{A64ACD4D-920C-4F88-B8C2-A0F83BE6129E}.Debug|Any CPU.ActiveCfg = Debug|Any CPU
		{A64ACD4D-920C-4F88-B8C2-A0F83BE6129E}.Debug|Any CPU.Build.0 = Debug|Any CPU
		{A64ACD4D-920C-4F88-B8C2-A0F83BE6129E}.Release|Any CPU.ActiveCfg = Release|Any CPU
		{A64ACD4D-920C-4F88-B8C2-A0F83BE6129E}.Release|Any CPU.Build.0 = Release|Any CPU
	EndGlobalSection
	GlobalSection(SolutionProperties) = preSolution
		HideSolutionNode = FALSE
	EndGlobalSection
	GlobalSection(ExtensibilityGlobals) = postSolution
		SolutionGuid = {28B36277-2899-42C4-8891-60F166D9E52A}
	EndGlobalSection
EndGlobal
