
Microsoft Visual Studio Solution File, Format Version 12.00
# Visual Studio Version 17
VisualStudioVersion = 17.12.35527.113
MinimumVisualStudioVersion = 10.0.40219.1
Project("{FAE04EC0-301F-11D3-BF4B-00C04F79EFBC}") = "SimpleClassExample", "SimpleClassExample\SimpleClassExample.csproj", "{EE4FFB87-91D0-4E58-97E8-CFB7465CB2AA}"
EndProject
Project("{FAE04EC0-301F-11D3-BF4B-00C04F79EFBC}") = "StaticDataAndMembers", "StaticDataAndMembers\StaticDataAndMembers.csproj", "{6635A0B5-E382-48B9-9B35-CB92EFE108A8}"
EndProject
Project("{FAE04EC0-301F-11D3-BF4B-00C04F79EFBC}") = "OopExamples", "OopExamples\OopExamples.csproj", "{C3274C8F-FC27-416B-9A16-774F98B295B6}"
EndProject
Project("{FAE04EC0-301F-11D3-BF4B-00C04F79EFBC}") = "EmployeeApp", "EmployeeApp\EmployeeApp.csproj", "{E935068B-D11C-4A9F-877A-5899AF48266A}"
EndProject
Project("{FAE04EC0-301F-11D3-BF4B-00C04F79EFBC}") = "AutoProps", "AutoProps\AutoProps.csproj", "{157B67E3-AD22-4BDB-B386-B42B13AAD329}"
EndProject
Global
	GlobalSection(SolutionConfigurationPlatforms) = preSolution
		Debug|Any CPU = Debug|Any CPU
		Release|Any CPU = Release|Any CPU
	EndGlobalSection
	GlobalSection(ProjectConfigurationPlatforms) = postSolution
		{EE4FFB87-91D0-4E58-97E8-CFB7465CB2AA}.Debug|Any CPU.ActiveCfg = Debug|Any CPU
		{EE4FFB87-91D0-4E58-97E8-CFB7465CB2AA}.Debug|Any CPU.Build.0 = Debug|Any CPU
		{EE4FFB87-91D0-4E58-97E8-CFB7465CB2AA}.Release|Any CPU.ActiveCfg = Release|Any CPU
		{EE4FFB87-91D0-4E58-97E8-CFB7465CB2AA}.Release|Any CPU.Build.0 = Release|Any CPU
		{6635A0B5-E382-48B9-9B35-CB92EFE108A8}.Debug|Any CPU.ActiveCfg = Debug|Any CPU
		{6635A0B5-E382-48B9-9B35-CB92EFE108A8}.Debug|Any CPU.Build.0 = Debug|Any CPU
		{6635A0B5-E382-48B9-9B35-CB92EFE108A8}.Release|Any CPU.ActiveCfg = Release|Any CPU
		{6635A0B5-E382-48B9-9B35-CB92EFE108A8}.Release|Any CPU.Build.0 = Release|Any CPU
		{C3274C8F-FC27-416B-9A16-774F98B295B6}.Debug|Any CPU.ActiveCfg = Debug|Any CPU
		{C3274C8F-FC27-416B-9A16-774F98B295B6}.Debug|Any CPU.Build.0 = Debug|Any CPU
		{C3274C8F-FC27-416B-9A16-774F98B295B6}.Release|Any CPU.ActiveCfg = Release|Any CPU
		{C3274C8F-FC27-416B-9A16-774F98B295B6}.Release|Any CPU.Build.0 = Release|Any CPU
		{E935068B-D11C-4A9F-877A-5899AF48266A}.Debug|Any CPU.ActiveCfg = Debug|Any CPU
		{E935068B-D11C-4A9F-877A-5899AF48266A}.Debug|Any CPU.Build.0 = Debug|Any CPU
		{E935068B-D11C-4A9F-877A-5899AF48266A}.Release|Any CPU.ActiveCfg = Release|Any CPU
		{E935068B-D11C-4A9F-877A-5899AF48266A}.Release|Any CPU.Build.0 = Release|Any CPU
		{157B67E3-AD22-4BDB-B386-B42B13AAD329}.Debug|Any CPU.ActiveCfg = Debug|Any CPU
		{157B67E3-AD22-4BDB-B386-B42B13AAD329}.Debug|Any CPU.Build.0 = Debug|Any CPU
		{157B67E3-AD22-4BDB-B386-B42B13AAD329}.Release|Any CPU.ActiveCfg = Release|Any CPU
		{157B67E3-AD22-4BDB-B386-B42B13AAD329}.Release|Any CPU.Build.0 = Release|Any CPU
	EndGlobalSection
	GlobalSection(SolutionProperties) = preSolution
		HideSolutionNode = FALSE
	EndGlobalSection
EndGlobal
