
Microsoft Visual Studio Solution File, Format Version 12.00
# Visual Studio Version 17
VisualStudioVersion = 17.8.34511.84
MinimumVisualStudioVersion = 10.0.40219.1
Project("{FAE04EC0-301F-11D3-BF4B-00C04F79EFBC}") = "EnumsC", "EnumsC\EnumsC.csproj", "{05851115-83C7-410D-A23D-20918277E7FA}"
EndProject
Global
	GlobalSection(SolutionConfigurationPlatforms) = preSolution
		Debug|Any CPU = Debug|Any CPU
		Release|Any CPU = Release|Any CPU
	EndGlobalSection
	GlobalSection(ProjectConfigurationPlatforms) = postSolution
		{05851115-83C7-410D-A23D-20918277E7FA}.Debug|Any CPU.ActiveCfg = Debug|Any CPU
		{05851115-83C7-410D-A23D-20918277E7FA}.Debug|Any CPU.Build.0 = Debug|Any CPU
		{05851115-83C7-410D-A23D-20918277E7FA}.Release|Any CPU.ActiveCfg = Release|Any CPU
		{05851115-83C7-410D-A23D-20918277E7FA}.Release|Any CPU.Build.0 = Release|Any CPU
	EndGlobalSection
	GlobalSection(SolutionProperties) = preSolution
		HideSolutionNode = FALSE
	EndGlobalSection
	GlobalSection(ExtensibilityGlobals) = postSolution
		SolutionGuid = {459AC131-619F-46AC-B787-71CD1704A9DA}
	EndGlobalSection
EndGlobal
