
Microsoft Visual Studio Solution File, Format Version 12.00
# Visual Studio Version 17
VisualStudioVersion = 17.8.34511.84
MinimumVisualStudioVersion = 10.0.40219.1
Project("{9A19103F-16F7-4668-BE54-9A1E7A4F7556}") = "DelegatesDemo", "DelegatesDemo\DelegatesDemo.csproj", "{94859EE1-1520-42A6-94A0-1AE927DD7274}"
EndProject
Project("{9A19103F-16F7-4668-BE54-9A1E7A4F7556}") = "MyDelegate", "MyDelegate\MyDelegate.csproj", "{F292146F-6EC0-48BA-916B-6534390AF5AF}"
EndProject
Project("{FAE04EC0-301F-11D3-BF4B-00C04F79EFBC}") = "EventsAndMulticastDelegates", "EventsAndMulticastDelegates\EventsAndMulticastDelegates.csproj", "{0A8C2344-435A-42DB-92CC-590D3780C7DF}"
EndProject
Global
	GlobalSection(SolutionConfigurationPlatforms) = preSolution
		Debug|Any CPU = Debug|Any CPU
		Release|Any CPU = Release|Any CPU
	EndGlobalSection
	GlobalSection(ProjectConfigurationPlatforms) = postSolution
		{94859EE1-1520-42A6-94A0-1AE927DD7274}.Debug|Any CPU.ActiveCfg = Debug|Any CPU
		{94859EE1-1520-42A6-94A0-1AE927DD7274}.Debug|Any CPU.Build.0 = Debug|Any CPU
		{94859EE1-1520-42A6-94A0-1AE927DD7274}.Release|Any CPU.ActiveCfg = Release|Any CPU
		{94859EE1-1520-42A6-94A0-1AE927DD7274}.Release|Any CPU.Build.0 = Release|Any CPU
		{F292146F-6EC0-48BA-916B-6534390AF5AF}.Debug|Any CPU.ActiveCfg = Debug|Any CPU
		{F292146F-6EC0-48BA-916B-6534390AF5AF}.Debug|Any CPU.Build.0 = Debug|Any CPU
		{F292146F-6EC0-48BA-916B-6534390AF5AF}.Release|Any CPU.ActiveCfg = Release|Any CPU
		{F292146F-6EC0-48BA-916B-6534390AF5AF}.Release|Any CPU.Build.0 = Release|Any CPU
		{0A8C2344-435A-42DB-92CC-590D3780C7DF}.Debug|Any CPU.ActiveCfg = Debug|Any CPU
		{0A8C2344-435A-42DB-92CC-590D3780C7DF}.Debug|Any CPU.Build.0 = Debug|Any CPU
		{0A8C2344-435A-42DB-92CC-590D3780C7DF}.Release|Any CPU.ActiveCfg = Release|Any CPU
		{0A8C2344-435A-42DB-92CC-590D3780C7DF}.Release|Any CPU.Build.0 = Release|Any CPU
	EndGlobalSection
	GlobalSection(SolutionProperties) = preSolution
		HideSolutionNode = FALSE
	EndGlobalSection
	GlobalSection(ExtensibilityGlobals) = postSolution
		SolutionGuid = {512A4F24-64AC-43CB-A467-847A82C9DB49}
	EndGlobalSection
EndGlobal
