
Microsoft Visual Studio Solution File, Format Version 12.00
# Visual Studio Version 17
VisualStudioVersion = 17.10.35027.167
MinimumVisualStudioVersion = 10.0.40219.1
Project("{9A19103F-16F7-4668-BE54-9A1E7A4F7556}") = "LinqOverArray", "LinqOverArray\LinqOverArray.csproj", "{72A79044-8370-4F29-8380-4383CF1A7AC7}"
EndProject
Project("{9A19103F-16F7-4668-BE54-9A1E7A4F7556}") = "LinqRetValues", "LinqRetValues\LinqRetValues.csproj", "{ADC10A45-BC1E-4A60-867E-9F4942C04944}"
EndProject
Project("{9A19103F-16F7-4668-BE54-9A1E7A4F7556}") = "LinqOverCollections", "LinqOverCollections\LinqOverCollections.csproj", "{0771FE5A-C53C-4CA8-B7C1-4BF8E623633E}"
EndProject
Project("{9A19103F-16F7-4668-BE54-9A1E7A4F7556}") = "FunWithLinqExpressions", "FunWithLinqExpressions\FunWithLinqExpressions.csproj", "{AB0CE63A-5B99-4A51-94AC-F53930450B1B}"
EndProject
Project("{FAE04EC0-301F-11D3-BF4B-00C04F79EFBC}") = "LinqUsingEnumerable", "LinqUsingEnumerable\LinqUsingEnumerable.csproj", "{AE360E62-69BD-4402-BF9B-4265F1081778}"
EndProject
Global
	GlobalSection(SolutionConfigurationPlatforms) = preSolution
		Debug|Any CPU = Debug|Any CPU
		Release|Any CPU = Release|Any CPU
	EndGlobalSection
	GlobalSection(ProjectConfigurationPlatforms) = postSolution
		{72A79044-8370-4F29-8380-4383CF1A7AC7}.Debug|Any CPU.ActiveCfg = Debug|Any CPU
		{72A79044-8370-4F29-8380-4383CF1A7AC7}.Debug|Any CPU.Build.0 = Debug|Any CPU
		{72A79044-8370-4F29-8380-4383CF1A7AC7}.Release|Any CPU.ActiveCfg = Release|Any CPU
		{72A79044-8370-4F29-8380-4383CF1A7AC7}.Release|Any CPU.Build.0 = Release|Any CPU
		{ADC10A45-BC1E-4A60-867E-9F4942C04944}.Debug|Any CPU.ActiveCfg = Debug|Any CPU
		{ADC10A45-BC1E-4A60-867E-9F4942C04944}.Debug|Any CPU.Build.0 = Debug|Any CPU
		{ADC10A45-BC1E-4A60-867E-9F4942C04944}.Release|Any CPU.ActiveCfg = Release|Any CPU
		{ADC10A45-BC1E-4A60-867E-9F4942C04944}.Release|Any CPU.Build.0 = Release|Any CPU
		{0771FE5A-C53C-4CA8-B7C1-4BF8E623633E}.Debug|Any CPU.ActiveCfg = Debug|Any CPU
		{0771FE5A-C53C-4CA8-B7C1-4BF8E623633E}.Debug|Any CPU.Build.0 = Debug|Any CPU
		{0771FE5A-C53C-4CA8-B7C1-4BF8E623633E}.Release|Any CPU.ActiveCfg = Release|Any CPU
		{0771FE5A-C53C-4CA8-B7C1-4BF8E623633E}.Release|Any CPU.Build.0 = Release|Any CPU
		{AB0CE63A-5B99-4A51-94AC-F53930450B1B}.Debug|Any CPU.ActiveCfg = Debug|Any CPU
		{AB0CE63A-5B99-4A51-94AC-F53930450B1B}.Debug|Any CPU.Build.0 = Debug|Any CPU
		{AB0CE63A-5B99-4A51-94AC-F53930450B1B}.Release|Any CPU.ActiveCfg = Release|Any CPU
		{AB0CE63A-5B99-4A51-94AC-F53930450B1B}.Release|Any CPU.Build.0 = Release|Any CPU
		{AE360E62-69BD-4402-BF9B-4265F1081778}.Debug|Any CPU.ActiveCfg = Debug|Any CPU
		{AE360E62-69BD-4402-BF9B-4265F1081778}.Debug|Any CPU.Build.0 = Debug|Any CPU
		{AE360E62-69BD-4402-BF9B-4265F1081778}.Release|Any CPU.ActiveCfg = Release|Any CPU
		{AE360E62-69BD-4402-BF9B-4265F1081778}.Release|Any CPU.Build.0 = Release|Any CPU
	EndGlobalSection
	GlobalSection(SolutionProperties) = preSolution
		HideSolutionNode = FALSE
	EndGlobalSection
EndGlobal
