
Microsoft Visual Studio Solution File, Format Version 12.00
# Visual Studio Version 17
VisualStudioVersion = 17.0.31903.59
MinimumVisualStudioVersion = 10.0.40219.1
Project("{FAE04EC0-301F-11D3-BF4B-00C04F79EFBC}") = "Basics", "Basics\Basics.csproj", "{12158F8C-0EA5-4199-A9C3-169D8790B2CE}"
EndProject
Project("{FAE04EC0-301F-11D3-BF4B-00C04F79EFBC}") = "MultipleConstructors", "MultipleConstructors\MultipleConstructors.csproj", "{C0951761-D310-414E-B580-73F22CB21CBE}"
EndProject
Project("{FAE04EC0-301F-11D3-BF4B-00C04F79EFBC}") = "Properties", "Properties\Properties.csproj", "{6E0AD957-F2A8-430F-844D-0175D6FA4D65}"
EndProject
Global
	GlobalSection(SolutionConfigurationPlatforms) = preSolution
		Debug|Any CPU = Debug|Any CPU
		Release|Any CPU = Release|Any CPU
	EndGlobalSection
	GlobalSection(SolutionProperties) = preSolution
		HideSolutionNode = FALSE
	EndGlobalSection
	GlobalSection(ProjectConfigurationPlatforms) = postSolution
		{12158F8C-0EA5-4199-A9C3-169D8790B2CE}.Debug|Any CPU.ActiveCfg = Debug|Any CPU
		{12158F8C-0EA5-4199-A9C3-169D8790B2CE}.Debug|Any CPU.Build.0 = Debug|Any CPU
		{12158F8C-0EA5-4199-A9C3-169D8790B2CE}.Release|Any CPU.ActiveCfg = Release|Any CPU
		{12158F8C-0EA5-4199-A9C3-169D8790B2CE}.Release|Any CPU.Build.0 = Release|Any CPU
		{C0951761-D310-414E-B580-73F22CB21CBE}.Debug|Any CPU.ActiveCfg = Debug|Any CPU
		{C0951761-D310-414E-B580-73F22CB21CBE}.Debug|Any CPU.Build.0 = Debug|Any CPU
		{C0951761-D310-414E-B580-73F22CB21CBE}.Release|Any CPU.ActiveCfg = Release|Any CPU
		{C0951761-D310-414E-B580-73F22CB21CBE}.Release|Any CPU.Build.0 = Release|Any CPU
		{6E0AD957-F2A8-430F-844D-0175D6FA4D65}.Debug|Any CPU.ActiveCfg = Debug|Any CPU
		{6E0AD957-F2A8-430F-844D-0175D6FA4D65}.Debug|Any CPU.Build.0 = Debug|Any CPU
		{6E0AD957-F2A8-430F-844D-0175D6FA4D65}.Release|Any CPU.ActiveCfg = Release|Any CPU
		{6E0AD957-F2A8-430F-844D-0175D6FA4D65}.Release|Any CPU.Build.0 = Release|Any CPU
	EndGlobalSection
EndGlobal
