
Microsoft Visual Studio Solution File, Format Version 12.00
# Visual Studio Version 17
VisualStudioVersion = 17.9.34723.18
MinimumVisualStudioVersion = 10.0.40219.1
Project("{FAE04EC0-301F-11D3-BF4B-00C04F79EFBC}") = "WPFZooManager", "WPFZooManager\WPFZooManager.csproj", "{155651EF-96D6-4E73-8660-B6246A66C95C}"
EndProject
Global
	GlobalSection(SolutionConfigurationPlatforms) = preSolution
		Debug|Any CPU = Debug|Any CPU
		Release|Any CPU = Release|Any CPU
	EndGlobalSection
	GlobalSection(ProjectConfigurationPlatforms) = postSolution
		{155651EF-96D6-4E73-8660-B6246A66C95C}.Debug|Any CPU.ActiveCfg = Debug|Any CPU
		{155651EF-96D6-4E73-8660-B6246A66C95C}.Debug|Any CPU.Build.0 = Debug|Any CPU
		{155651EF-96D6-4E73-8660-B6246A66C95C}.Release|Any CPU.ActiveCfg = Release|Any CPU
		{155651EF-96D6-4E73-8660-B6246A66C95C}.Release|Any CPU.Build.0 = Release|Any CPU
	EndGlobalSection
	GlobalSection(SolutionProperties) = preSolution
		HideSolutionNode = FALSE
	EndGlobalSection
	GlobalSection(ExtensibilityGlobals) = postSolution
		SolutionGuid = {D992A677-0727-4329-8EB9-1B410AD7C102}
	EndGlobalSection
EndGlobal
