
Microsoft Visual Studio Solution File, Format Version 12.00
# Visual Studio Version 17
VisualStudioVersion = 17.9.34723.18
MinimumVisualStudioVersion = 10.0.40219.1
Project("{9A19103F-16F7-4668-BE54-9A1E7A4F7556}") = "WpfDemo", "WpfDemo\WpfDemo.csproj", "{B743BE19-693E-4941-A629-FEDCD3C3BD68}"
EndProject
Project("{9A19103F-16F7-4668-BE54-9A1E7A4F7556}") = "GridChallange", "GridChallange\GridChallange.csproj", "{2B254C93-08E2-4617-AA0E-9B81AA0B9D15}"
EndProject
Project("{9A19103F-16F7-4668-BE54-9A1E7A4F7556}") = "TodoApp", "TodoApp\TodoApp.csproj", "{7245444B-AFDA-488F-83AC-B6AD4A35332F}"
EndProject
Project("{9A19103F-16F7-4668-BE54-9A1E7A4F7556}") = "ContentAndUserControl", "ContentAndUserControl\ContentAndUserControl.csproj", "{E7609A9E-FD13-4ABB-AE84-C064AF56F14F}"
EndProject
Project("{FAE04EC0-301F-11D3-BF4B-00C04F79EFBC}") = "DataBinding", "DataBinding\DataBinding.csproj", "{DBF561F3-58E0-455A-B245-83F48CC84518}"
EndProject
Global
	GlobalSection(SolutionConfigurationPlatforms) = preSolution
		Debug|Any CPU = Debug|Any CPU
		Release|Any CPU = Release|Any CPU
	EndGlobalSection
	GlobalSection(ProjectConfigurationPlatforms) = postSolution
		{B743BE19-693E-4941-A629-FEDCD3C3BD68}.Debug|Any CPU.ActiveCfg = Debug|Any CPU
		{B743BE19-693E-4941-A629-FEDCD3C3BD68}.Debug|Any CPU.Build.0 = Debug|Any CPU
		{B743BE19-693E-4941-A629-FEDCD3C3BD68}.Release|Any CPU.ActiveCfg = Release|Any CPU
		{B743BE19-693E-4941-A629-FEDCD3C3BD68}.Release|Any CPU.Build.0 = Release|Any CPU
		{2B254C93-08E2-4617-AA0E-9B81AA0B9D15}.Debug|Any CPU.ActiveCfg = Debug|Any CPU
		{2B254C93-08E2-4617-AA0E-9B81AA0B9D15}.Debug|Any CPU.Build.0 = Debug|Any CPU
		{2B254C93-08E2-4617-AA0E-9B81AA0B9D15}.Release|Any CPU.ActiveCfg = Release|Any CPU
		{2B254C93-08E2-4617-AA0E-9B81AA0B9D15}.Release|Any CPU.Build.0 = Release|Any CPU
		{7245444B-AFDA-488F-83AC-B6AD4A35332F}.Debug|Any CPU.ActiveCfg = Debug|Any CPU
		{7245444B-AFDA-488F-83AC-B6AD4A35332F}.Debug|Any CPU.Build.0 = Debug|Any CPU
		{7245444B-AFDA-488F-83AC-B6AD4A35332F}.Release|Any CPU.ActiveCfg = Release|Any CPU
		{7245444B-AFDA-488F-83AC-B6AD4A35332F}.Release|Any CPU.Build.0 = Release|Any CPU
		{E7609A9E-FD13-4ABB-AE84-C064AF56F14F}.Debug|Any CPU.ActiveCfg = Debug|Any CPU
		{E7609A9E-FD13-4ABB-AE84-C064AF56F14F}.Debug|Any CPU.Build.0 = Debug|Any CPU
		{E7609A9E-FD13-4ABB-AE84-C064AF56F14F}.Release|Any CPU.ActiveCfg = Release|Any CPU
		{E7609A9E-FD13-4ABB-AE84-C064AF56F14F}.Release|Any CPU.Build.0 = Release|Any CPU
		{DBF561F3-58E0-455A-B245-83F48CC84518}.Debug|Any CPU.ActiveCfg = Debug|Any CPU
		{DBF561F3-58E0-455A-B245-83F48CC84518}.Debug|Any CPU.Build.0 = Debug|Any CPU
		{DBF561F3-58E0-455A-B245-83F48CC84518}.Release|Any CPU.ActiveCfg = Release|Any CPU
		{DBF561F3-58E0-455A-B245-83F48CC84518}.Release|Any CPU.Build.0 = Release|Any CPU
	EndGlobalSection
	GlobalSection(SolutionProperties) = preSolution
		HideSolutionNode = FALSE
	EndGlobalSection
	GlobalSection(ExtensibilityGlobals) = postSolution
		SolutionGuid = {8478EC14-DFCA-4011-BFDE-9550CED518BF}
	EndGlobalSection
EndGlobal
