
Microsoft Visual Studio Solution File, Format Version 12.00
# Visual Studio Version 17
VisualStudioVersion = 17.9.34723.18
MinimumVisualStudioVersion = 10.0.40219.1
Project("{9A19103F-16F7-4668-BE54-9A1E7A4F7556}") = "WpfDemo", "WpfDemo\WpfDemo.csproj", "{B743BE19-693E-4941-A629-FEDCD3C3BD68}"
EndProject
Project("{9A19103F-16F7-4668-BE54-9A1E7A4F7556}") = "GridChallange", "GridChallange\GridChallange.csproj", "{2B254C93-08E2-4617-AA0E-9B81AA0B9D15}"
EndProject
Project("{9A19103F-16F7-4668-BE54-9A1E7A4F7556}") = "TodoApp", "TodoApp\TodoApp.csproj", "{7245444B-AFDA-488F-83AC-B6AD4A35332F}"
EndProject
Project("{9A19103F-16F7-4668-BE54-9A1E7A4F7556}") = "ContentAndUserControl", "ContentAndUserControl\ContentAndUserControl.csproj", "{E7609A9E-FD13-4ABB-AE84-C064AF56F14F}"
EndProject
Project("{9A19103F-16F7-4668-BE54-9A1E7A4F7556}") = "DataBinding", "DataBinding\DataBinding.csproj", "{DBF561F3-58E0-455A-B245-83F48CC84518}"
EndProject
Project("{9A19103F-16F7-4668-BE54-9A1E7A4F7556}") = "ListBoxDemo", "ListBoxDemo\ListBoxDemo.csproj", "{6F7FBC02-589F-4AE6-9FAA-FC626F5DF4A2}"
EndProject
Project("{9A19103F-16F7-4668-BE54-9A1E7A4F7556}") = "LoginApplication", "LoginApplication\LoginApplication.csproj", "{98D1BF5E-046A-4157-9052-010907E8D8C6}"
EndProject
Global
	GlobalSection(SolutionConfigurationPlatforms) = preSolution
		Debug|Any CPU = Debug|Any CPU
		Debug|ARM = Debug|ARM
		Debug|ARM64 = Debug|ARM64
		Debug|x64 = Debug|x64
		Debug|x86 = Debug|x86
		Release|Any CPU = Release|Any CPU
		Release|ARM = Release|ARM
		Release|ARM64 = Release|ARM64
		Release|x64 = Release|x64
		Release|x86 = Release|x86
	EndGlobalSection
	GlobalSection(ProjectConfigurationPlatforms) = postSolution
		{B743BE19-693E-4941-A629-FEDCD3C3BD68}.Debug|Any CPU.ActiveCfg = Debug|Any CPU
		{B743BE19-693E-4941-A629-FEDCD3C3BD68}.Debug|Any CPU.Build.0 = Debug|Any CPU
		{B743BE19-693E-4941-A629-FEDCD3C3BD68}.Debug|ARM.ActiveCfg = Debug|Any CPU
		{B743BE19-693E-4941-A629-FEDCD3C3BD68}.Debug|ARM.Build.0 = Debug|Any CPU
		{B743BE19-693E-4941-A629-FEDCD3C3BD68}.Debug|ARM64.ActiveCfg = Debug|Any CPU
		{B743BE19-693E-4941-A629-FEDCD3C3BD68}.Debug|ARM64.Build.0 = Debug|Any CPU
		{B743BE19-693E-4941-A629-FEDCD3C3BD68}.Debug|x64.ActiveCfg = Debug|Any CPU
		{B743BE19-693E-4941-A629-FEDCD3C3BD68}.Debug|x64.Build.0 = Debug|Any CPU
		{B743BE19-693E-4941-A629-FEDCD3C3BD68}.Debug|x86.ActiveCfg = Debug|Any CPU
		{B743BE19-693E-4941-A629-FEDCD3C3BD68}.Debug|x86.Build.0 = Debug|Any CPU
		{B743BE19-693E-4941-A629-FEDCD3C3BD68}.Release|Any CPU.ActiveCfg = Release|Any CPU
		{B743BE19-693E-4941-A629-FEDCD3C3BD68}.Release|Any CPU.Build.0 = Release|Any CPU
		{B743BE19-693E-4941-A629-FEDCD3C3BD68}.Release|ARM.ActiveCfg = Release|Any CPU
		{B743BE19-693E-4941-A629-FEDCD3C3BD68}.Release|ARM.Build.0 = Release|Any CPU
		{B743BE19-693E-4941-A629-FEDCD3C3BD68}.Release|ARM64.ActiveCfg = Release|Any CPU
		{B743BE19-693E-4941-A629-FEDCD3C3BD68}.Release|ARM64.Build.0 = Release|Any CPU
		{B743BE19-693E-4941-A629-FEDCD3C3BD68}.Release|x64.ActiveCfg = Release|Any CPU
		{B743BE19-693E-4941-A629-FEDCD3C3BD68}.Release|x64.Build.0 = Release|Any CPU
		{B743BE19-693E-4941-A629-FEDCD3C3BD68}.Release|x86.ActiveCfg = Release|Any CPU
		{B743BE19-693E-4941-A629-FEDCD3C3BD68}.Release|x86.Build.0 = Release|Any CPU
		{2B254C93-08E2-4617-AA0E-9B81AA0B9D15}.Debug|Any CPU.ActiveCfg = Debug|Any CPU
		{2B254C93-08E2-4617-AA0E-9B81AA0B9D15}.Debug|Any CPU.Build.0 = Debug|Any CPU
		{2B254C93-08E2-4617-AA0E-9B81AA0B9D15}.Debug|ARM.ActiveCfg = Debug|Any CPU
		{2B254C93-08E2-4617-AA0E-9B81AA0B9D15}.Debug|ARM.Build.0 = Debug|Any CPU
		{2B254C93-08E2-4617-AA0E-9B81AA0B9D15}.Debug|ARM64.ActiveCfg = Debug|Any CPU
		{2B254C93-08E2-4617-AA0E-9B81AA0B9D15}.Debug|ARM64.Build.0 = Debug|Any CPU
		{2B254C93-08E2-4617-AA0E-9B81AA0B9D15}.Debug|x64.ActiveCfg = Debug|Any CPU
		{2B254C93-08E2-4617-AA0E-9B81AA0B9D15}.Debug|x64.Build.0 = Debug|Any CPU
		{2B254C93-08E2-4617-AA0E-9B81AA0B9D15}.Debug|x86.ActiveCfg = Debug|Any CPU
		{2B254C93-08E2-4617-AA0E-9B81AA0B9D15}.Debug|x86.Build.0 = Debug|Any CPU
		{2B254C93-08E2-4617-AA0E-9B81AA0B9D15}.Release|Any CPU.ActiveCfg = Release|Any CPU
		{2B254C93-08E2-4617-AA0E-9B81AA0B9D15}.Release|Any CPU.Build.0 = Release|Any CPU
		{2B254C93-08E2-4617-AA0E-9B81AA0B9D15}.Release|ARM.ActiveCfg = Release|Any CPU
		{2B254C93-08E2-4617-AA0E-9B81AA0B9D15}.Release|ARM.Build.0 = Release|Any CPU
		{2B254C93-08E2-4617-AA0E-9B81AA0B9D15}.Release|ARM64.ActiveCfg = Release|Any CPU
		{2B254C93-08E2-4617-AA0E-9B81AA0B9D15}.Release|ARM64.Build.0 = Release|Any CPU
		{2B254C93-08E2-4617-AA0E-9B81AA0B9D15}.Release|x64.ActiveCfg = Release|Any CPU
		{2B254C93-08E2-4617-AA0E-9B81AA0B9D15}.Release|x64.Build.0 = Release|Any CPU
		{2B254C93-08E2-4617-AA0E-9B81AA0B9D15}.Release|x86.ActiveCfg = Release|Any CPU
		{2B254C93-08E2-4617-AA0E-9B81AA0B9D15}.Release|x86.Build.0 = Release|Any CPU
		{7245444B-AFDA-488F-83AC-B6AD4A35332F}.Debug|Any CPU.ActiveCfg = Debug|Any CPU
		{7245444B-AFDA-488F-83AC-B6AD4A35332F}.Debug|Any CPU.Build.0 = Debug|Any CPU
		{7245444B-AFDA-488F-83AC-B6AD4A35332F}.Debug|ARM.ActiveCfg = Debug|Any CPU
		{7245444B-AFDA-488F-83AC-B6AD4A35332F}.Debug|ARM.Build.0 = Debug|Any CPU
		{7245444B-AFDA-488F-83AC-B6AD4A35332F}.Debug|ARM64.ActiveCfg = Debug|Any CPU
		{7245444B-AFDA-488F-83AC-B6AD4A35332F}.Debug|ARM64.Build.0 = Debug|Any CPU
		{7245444B-AFDA-488F-83AC-B6AD4A35332F}.Debug|x64.ActiveCfg = Debug|Any CPU
		{7245444B-AFDA-488F-83AC-B6AD4A35332F}.Debug|x64.Build.0 = Debug|Any CPU
		{7245444B-AFDA-488F-83AC-B6AD4A35332F}.Debug|x86.ActiveCfg = Debug|Any CPU
		{7245444B-AFDA-488F-83AC-B6AD4A35332F}.Debug|x86.Build.0 = Debug|Any CPU
		{7245444B-AFDA-488F-83AC-B6AD4A35332F}.Release|Any CPU.ActiveCfg = Release|Any CPU
		{7245444B-AFDA-488F-83AC-B6AD4A35332F}.Release|Any CPU.Build.0 = Release|Any CPU
		{7245444B-AFDA-488F-83AC-B6AD4A35332F}.Release|ARM.ActiveCfg = Release|Any CPU
		{7245444B-AFDA-488F-83AC-B6AD4A35332F}.Release|ARM.Build.0 = Release|Any CPU
		{7245444B-AFDA-488F-83AC-B6AD4A35332F}.Release|ARM64.ActiveCfg = Release|Any CPU
		{7245444B-AFDA-488F-83AC-B6AD4A35332F}.Release|ARM64.Build.0 = Release|Any CPU
		{7245444B-AFDA-488F-83AC-B6AD4A35332F}.Release|x64.ActiveCfg = Release|Any CPU
		{7245444B-AFDA-488F-83AC-B6AD4A35332F}.Release|x64.Build.0 = Release|Any CPU
		{7245444B-AFDA-488F-83AC-B6AD4A35332F}.Release|x86.ActiveCfg = Release|Any CPU
		{7245444B-AFDA-488F-83AC-B6AD4A35332F}.Release|x86.Build.0 = Release|Any CPU
		{E7609A9E-FD13-4ABB-AE84-C064AF56F14F}.Debug|Any CPU.ActiveCfg = Debug|Any CPU
		{E7609A9E-FD13-4ABB-AE84-C064AF56F14F}.Debug|Any CPU.Build.0 = Debug|Any CPU
		{E7609A9E-FD13-4ABB-AE84-C064AF56F14F}.Debug|ARM.ActiveCfg = Debug|Any CPU
		{E7609A9E-FD13-4ABB-AE84-C064AF56F14F}.Debug|ARM.Build.0 = Debug|Any CPU
		{E7609A9E-FD13-4ABB-AE84-C064AF56F14F}.Debug|ARM64.ActiveCfg = Debug|Any CPU
		{E7609A9E-FD13-4ABB-AE84-C064AF56F14F}.Debug|ARM64.Build.0 = Debug|Any CPU
		{E7609A9E-FD13-4ABB-AE84-C064AF56F14F}.Debug|x64.ActiveCfg = Debug|Any CPU
		{E7609A9E-FD13-4ABB-AE84-C064AF56F14F}.Debug|x64.Build.0 = Debug|Any CPU
		{E7609A9E-FD13-4ABB-AE84-C064AF56F14F}.Debug|x86.ActiveCfg = Debug|Any CPU
		{E7609A9E-FD13-4ABB-AE84-C064AF56F14F}.Debug|x86.Build.0 = Debug|Any CPU
		{E7609A9E-FD13-4ABB-AE84-C064AF56F14F}.Release|Any CPU.ActiveCfg = Release|Any CPU
		{E7609A9E-FD13-4ABB-AE84-C064AF56F14F}.Release|Any CPU.Build.0 = Release|Any CPU
		{E7609A9E-FD13-4ABB-AE84-C064AF56F14F}.Release|ARM.ActiveCfg = Release|Any CPU
		{E7609A9E-FD13-4ABB-AE84-C064AF56F14F}.Release|ARM.Build.0 = Release|Any CPU
		{E7609A9E-FD13-4ABB-AE84-C064AF56F14F}.Release|ARM64.ActiveCfg = Release|Any CPU
		{E7609A9E-FD13-4ABB-AE84-C064AF56F14F}.Release|ARM64.Build.0 = Release|Any CPU
		{E7609A9E-FD13-4ABB-AE84-C064AF56F14F}.Release|x64.ActiveCfg = Release|Any CPU
		{E7609A9E-FD13-4ABB-AE84-C064AF56F14F}.Release|x64.Build.0 = Release|Any CPU
		{E7609A9E-FD13-4ABB-AE84-C064AF56F14F}.Release|x86.ActiveCfg = Release|Any CPU
		{E7609A9E-FD13-4ABB-AE84-C064AF56F14F}.Release|x86.Build.0 = Release|Any CPU
		{DBF561F3-58E0-455A-B245-83F48CC84518}.Debug|Any CPU.ActiveCfg = Debug|Any CPU
		{DBF561F3-58E0-455A-B245-83F48CC84518}.Debug|Any CPU.Build.0 = Debug|Any CPU
		{DBF561F3-58E0-455A-B245-83F48CC84518}.Debug|ARM.ActiveCfg = Debug|Any CPU
		{DBF561F3-58E0-455A-B245-83F48CC84518}.Debug|ARM.Build.0 = Debug|Any CPU
		{DBF561F3-58E0-455A-B245-83F48CC84518}.Debug|ARM64.ActiveCfg = Debug|Any CPU
		{DBF561F3-58E0-455A-B245-83F48CC84518}.Debug|ARM64.Build.0 = Debug|Any CPU
		{DBF561F3-58E0-455A-B245-83F48CC84518}.Debug|x64.ActiveCfg = Debug|Any CPU
		{DBF561F3-58E0-455A-B245-83F48CC84518}.Debug|x64.Build.0 = Debug|Any CPU
		{DBF561F3-58E0-455A-B245-83F48CC84518}.Debug|x86.ActiveCfg = Debug|Any CPU
		{DBF561F3-58E0-455A-B245-83F48CC84518}.Debug|x86.Build.0 = Debug|Any CPU
		{DBF561F3-58E0-455A-B245-83F48CC84518}.Release|Any CPU.ActiveCfg = Release|Any CPU
		{DBF561F3-58E0-455A-B245-83F48CC84518}.Release|Any CPU.Build.0 = Release|Any CPU
		{DBF561F3-58E0-455A-B245-83F48CC84518}.Release|ARM.ActiveCfg = Release|Any CPU
		{DBF561F3-58E0-455A-B245-83F48CC84518}.Release|ARM.Build.0 = Release|Any CPU
		{DBF561F3-58E0-455A-B245-83F48CC84518}.Release|ARM64.ActiveCfg = Release|Any CPU
		{DBF561F3-58E0-455A-B245-83F48CC84518}.Release|ARM64.Build.0 = Release|Any CPU
		{DBF561F3-58E0-455A-B245-83F48CC84518}.Release|x64.ActiveCfg = Release|Any CPU
		{DBF561F3-58E0-455A-B245-83F48CC84518}.Release|x64.Build.0 = Release|Any CPU
		{DBF561F3-58E0-455A-B245-83F48CC84518}.Release|x86.ActiveCfg = Release|Any CPU
		{DBF561F3-58E0-455A-B245-83F48CC84518}.Release|x86.Build.0 = Release|Any CPU
		{6F7FBC02-589F-4AE6-9FAA-FC626F5DF4A2}.Debug|Any CPU.ActiveCfg = Debug|Any CPU
		{6F7FBC02-589F-4AE6-9FAA-FC626F5DF4A2}.Debug|Any CPU.Build.0 = Debug|Any CPU
		{6F7FBC02-589F-4AE6-9FAA-FC626F5DF4A2}.Debug|ARM.ActiveCfg = Debug|Any CPU
		{6F7FBC02-589F-4AE6-9FAA-FC626F5DF4A2}.Debug|ARM.Build.0 = Debug|Any CPU
		{6F7FBC02-589F-4AE6-9FAA-FC626F5DF4A2}.Debug|ARM64.ActiveCfg = Debug|Any CPU
		{6F7FBC02-589F-4AE6-9FAA-FC626F5DF4A2}.Debug|ARM64.Build.0 = Debug|Any CPU
		{6F7FBC02-589F-4AE6-9FAA-FC626F5DF4A2}.Debug|x64.ActiveCfg = Debug|Any CPU
		{6F7FBC02-589F-4AE6-9FAA-FC626F5DF4A2}.Debug|x64.Build.0 = Debug|Any CPU
		{6F7FBC02-589F-4AE6-9FAA-FC626F5DF4A2}.Debug|x86.ActiveCfg = Debug|Any CPU
		{6F7FBC02-589F-4AE6-9FAA-FC626F5DF4A2}.Debug|x86.Build.0 = Debug|Any CPU
		{6F7FBC02-589F-4AE6-9FAA-FC626F5DF4A2}.Release|Any CPU.ActiveCfg = Release|Any CPU
		{6F7FBC02-589F-4AE6-9FAA-FC626F5DF4A2}.Release|Any CPU.Build.0 = Release|Any CPU
		{6F7FBC02-589F-4AE6-9FAA-FC626F5DF4A2}.Release|ARM.ActiveCfg = Release|Any CPU
		{6F7FBC02-589F-4AE6-9FAA-FC626F5DF4A2}.Release|ARM.Build.0 = Release|Any CPU
		{6F7FBC02-589F-4AE6-9FAA-FC626F5DF4A2}.Release|ARM64.ActiveCfg = Release|Any CPU
		{6F7FBC02-589F-4AE6-9FAA-FC626F5DF4A2}.Release|ARM64.Build.0 = Release|Any CPU
		{6F7FBC02-589F-4AE6-9FAA-FC626F5DF4A2}.Release|x64.ActiveCfg = Release|Any CPU
		{6F7FBC02-589F-4AE6-9FAA-FC626F5DF4A2}.Release|x64.Build.0 = Release|Any CPU
		{6F7FBC02-589F-4AE6-9FAA-FC626F5DF4A2}.Release|x86.ActiveCfg = Release|Any CPU
		{6F7FBC02-589F-4AE6-9FAA-FC626F5DF4A2}.Release|x86.Build.0 = Release|Any CPU
		{98D1BF5E-046A-4157-9052-010907E8D8C6}.Debug|Any CPU.ActiveCfg = Debug|Any CPU
		{98D1BF5E-046A-4157-9052-010907E8D8C6}.Debug|Any CPU.Build.0 = Debug|Any CPU
		{98D1BF5E-046A-4157-9052-010907E8D8C6}.Debug|ARM.ActiveCfg = Debug|Any CPU
		{98D1BF5E-046A-4157-9052-010907E8D8C6}.Debug|ARM.Build.0 = Debug|Any CPU
		{98D1BF5E-046A-4157-9052-010907E8D8C6}.Debug|ARM64.ActiveCfg = Debug|Any CPU
		{98D1BF5E-046A-4157-9052-010907E8D8C6}.Debug|ARM64.Build.0 = Debug|Any CPU
		{98D1BF5E-046A-4157-9052-010907E8D8C6}.Debug|x64.ActiveCfg = Debug|Any CPU
		{98D1BF5E-046A-4157-9052-010907E8D8C6}.Debug|x64.Build.0 = Debug|Any CPU
		{98D1BF5E-046A-4157-9052-010907E8D8C6}.Debug|x86.ActiveCfg = Debug|Any CPU
		{98D1BF5E-046A-4157-9052-010907E8D8C6}.Debug|x86.Build.0 = Debug|Any CPU
		{98D1BF5E-046A-4157-9052-010907E8D8C6}.Release|Any CPU.ActiveCfg = Release|Any CPU
		{98D1BF5E-046A-4157-9052-010907E8D8C6}.Release|Any CPU.Build.0 = Release|Any CPU
		{98D1BF5E-046A-4157-9052-010907E8D8C6}.Release|ARM.ActiveCfg = Release|Any CPU
		{98D1BF5E-046A-4157-9052-010907E8D8C6}.Release|ARM.Build.0 = Release|Any CPU
		{98D1BF5E-046A-4157-9052-010907E8D8C6}.Release|ARM64.ActiveCfg = Release|Any CPU
		{98D1BF5E-046A-4157-9052-010907E8D8C6}.Release|ARM64.Build.0 = Release|Any CPU
		{98D1BF5E-046A-4157-9052-010907E8D8C6}.Release|x64.ActiveCfg = Release|Any CPU
		{98D1BF5E-046A-4157-9052-010907E8D8C6}.Release|x64.Build.0 = Release|Any CPU
		{98D1BF5E-046A-4157-9052-010907E8D8C6}.Release|x86.ActiveCfg = Release|Any CPU
		{98D1BF5E-046A-4157-9052-010907E8D8C6}.Release|x86.Build.0 = Release|Any CPU
	EndGlobalSection
	GlobalSection(SolutionProperties) = preSolution
		HideSolutionNode = FALSE
	EndGlobalSection
	GlobalSection(ExtensibilityGlobals) = postSolution
		SolutionGuid = {8478EC14-DFCA-4011-BFDE-9550CED518BF}
	EndGlobalSection
EndGlobal
