
Microsoft Visual Studio Solution File, Format Version 12.00
# Visual Studio Version 17
VisualStudioVersion = 17.8.34511.84
MinimumVisualStudioVersion = 10.0.40219.1
Project("{FAE04EC0-301F-11D3-BF4B-00C04F79EFBC}") = "RandomT", "RandomT\RandomT.csproj", "{E083C3D8-E6BD-423D-B74E-C33D5AB6E42D}"
EndProject
Global
	GlobalSection(SolutionConfigurationPlatforms) = preSolution
		Debug|Any CPU = Debug|Any CPU
		Release|Any CPU = Release|Any CPU
	EndGlobalSection
	GlobalSection(ProjectConfigurationPlatforms) = postSolution
		{E083C3D8-E6BD-423D-B74E-C33D5AB6E42D}.Debug|Any CPU.ActiveCfg = Debug|Any CPU
		{E083C3D8-E6BD-423D-B74E-C33D5AB6E42D}.Debug|Any CPU.Build.0 = Debug|Any CPU
		{E083C3D8-E6BD-423D-B74E-C33D5AB6E42D}.Release|Any CPU.ActiveCfg = Release|Any CPU
		{E083C3D8-E6BD-423D-B74E-C33D5AB6E42D}.Release|Any CPU.Build.0 = Release|Any CPU
	EndGlobalSection
	GlobalSection(SolutionProperties) = preSolution
		HideSolutionNode = FALSE
	EndGlobalSection
	GlobalSection(ExtensibilityGlobals) = postSolution
		SolutionGuid = {3E30DB47-0479-436F-A012-32E98648F749}
	EndGlobalSection
EndGlobal
