
Microsoft Visual Studio Solution File, Format Version 12.00
# Visual Studio Version 17
VisualStudioVersion = 17.10.35027.167
MinimumVisualStudioVersion = 10.0.40219.1
Project("{9A19103F-16F7-4668-BE54-9A1E7A4F7556}") = "SimpleDelegate", "SimpleDelegate\SimpleDelegate.csproj", "{5ABCB7D2-2140-414A-AC5D-8268745865D9}"
EndProject
Project("{9A19103F-16F7-4668-BE54-9A1E7A4F7556}") = "CarDelegate", "CarDelegate\CarDelegate.csproj", "{F5B2AF1A-88D5-45CC-B64A-67876CD9ADFE}"
EndProject
Project("{9A19103F-16F7-4668-BE54-9A1E7A4F7556}") = "GenericDelegate", "GenericDelegate\GenericDelegate.csproj", "{0A116EB5-975E-4FB4-96F2-479DC0DC7D2F}"
EndProject
Project("{9A19103F-16F7-4668-BE54-9A1E7A4F7556}") = "ActionAndFuncDelegates", "ActionAndFuncDelegates\ActionAndFuncDelegates.csproj", "{01356588-5771-41C1-983C-3A6908D37684}"
EndProject
Project("{9A19103F-16F7-4668-BE54-9A1E7A4F7556}") = "PublicDelegateProblem", "PublicDelegateProblem\PublicDelegateProblem.csproj", "{0A989842-8E7D-42AD-BF38-19599757A4DD}"
EndProject
Project("{9A19103F-16F7-4668-BE54-9A1E7A4F7556}") = "CarEvents", "CarEvents\CarEvents.csproj", "{9451803B-A07E-4772-A3C4-074CF74DB6E7}"
EndProject
Project("{9A19103F-16F7-4668-BE54-9A1E7A4F7556}") = "CustomEventArguments", "CustomEventArguments\CustomEventArguments.csproj", "{BD722E96-229E-431F-BC13-5983A58AC531}"
EndProject
Project("{9A19103F-16F7-4668-BE54-9A1E7A4F7556}") = "AnonymousMethods", "AnonymousMethods\AnonymousMethods.csproj", "{474FB4C6-744A-4EC4-974B-85E9A48EE3F7}"
EndProject
Project("{9A19103F-16F7-4668-BE54-9A1E7A4F7556}") = "LambdaExpressions", "LambdaExpressions\LambdaExpressions.csproj", "{EB843B6A-F9B0-4BFE-A505-4047D3C20E2C}"
EndProject
Project("{FAE04EC0-301F-11D3-BF4B-00C04F79EFBC}") = "CarWithLambda", "CarWithLambda\CarWithLambda.csproj", "{6985E6C5-5238-45D0-92FE-7952FD9C2404}"
EndProject
Global
	GlobalSection(SolutionConfigurationPlatforms) = preSolution
		Debug|Any CPU = Debug|Any CPU
		Release|Any CPU = Release|Any CPU
	EndGlobalSection
	GlobalSection(ProjectConfigurationPlatforms) = postSolution
		{5ABCB7D2-2140-414A-AC5D-8268745865D9}.Debug|Any CPU.ActiveCfg = Debug|Any CPU
		{5ABCB7D2-2140-414A-AC5D-8268745865D9}.Debug|Any CPU.Build.0 = Debug|Any CPU
		{5ABCB7D2-2140-414A-AC5D-8268745865D9}.Release|Any CPU.ActiveCfg = Release|Any CPU
		{5ABCB7D2-2140-414A-AC5D-8268745865D9}.Release|Any CPU.Build.0 = Release|Any CPU
		{F5B2AF1A-88D5-45CC-B64A-67876CD9ADFE}.Debug|Any CPU.ActiveCfg = Debug|Any CPU
		{F5B2AF1A-88D5-45CC-B64A-67876CD9ADFE}.Debug|Any CPU.Build.0 = Debug|Any CPU
		{F5B2AF1A-88D5-45CC-B64A-67876CD9ADFE}.Release|Any CPU.ActiveCfg = Release|Any CPU
		{F5B2AF1A-88D5-45CC-B64A-67876CD9ADFE}.Release|Any CPU.Build.0 = Release|Any CPU
		{0A116EB5-975E-4FB4-96F2-479DC0DC7D2F}.Debug|Any CPU.ActiveCfg = Debug|Any CPU
		{0A116EB5-975E-4FB4-96F2-479DC0DC7D2F}.Debug|Any CPU.Build.0 = Debug|Any CPU
		{0A116EB5-975E-4FB4-96F2-479DC0DC7D2F}.Release|Any CPU.ActiveCfg = Release|Any CPU
		{0A116EB5-975E-4FB4-96F2-479DC0DC7D2F}.Release|Any CPU.Build.0 = Release|Any CPU
		{01356588-5771-41C1-983C-3A6908D37684}.Debug|Any CPU.ActiveCfg = Debug|Any CPU
		{01356588-5771-41C1-983C-3A6908D37684}.Debug|Any CPU.Build.0 = Debug|Any CPU
		{01356588-5771-41C1-983C-3A6908D37684}.Release|Any CPU.ActiveCfg = Release|Any CPU
		{01356588-5771-41C1-983C-3A6908D37684}.Release|Any CPU.Build.0 = Release|Any CPU
		{0A989842-8E7D-42AD-BF38-19599757A4DD}.Debug|Any CPU.ActiveCfg = Debug|Any CPU
		{0A989842-8E7D-42AD-BF38-19599757A4DD}.Debug|Any CPU.Build.0 = Debug|Any CPU
		{0A989842-8E7D-42AD-BF38-19599757A4DD}.Release|Any CPU.ActiveCfg = Release|Any CPU
		{0A989842-8E7D-42AD-BF38-19599757A4DD}.Release|Any CPU.Build.0 = Release|Any CPU
		{9451803B-A07E-4772-A3C4-074CF74DB6E7}.Debug|Any CPU.ActiveCfg = Debug|Any CPU
		{9451803B-A07E-4772-A3C4-074CF74DB6E7}.Debug|Any CPU.Build.0 = Debug|Any CPU
		{9451803B-A07E-4772-A3C4-074CF74DB6E7}.Release|Any CPU.ActiveCfg = Release|Any CPU
		{9451803B-A07E-4772-A3C4-074CF74DB6E7}.Release|Any CPU.Build.0 = Release|Any CPU
		{BD722E96-229E-431F-BC13-5983A58AC531}.Debug|Any CPU.ActiveCfg = Debug|Any CPU
		{BD722E96-229E-431F-BC13-5983A58AC531}.Debug|Any CPU.Build.0 = Debug|Any CPU
		{BD722E96-229E-431F-BC13-5983A58AC531}.Release|Any CPU.ActiveCfg = Release|Any CPU
		{BD722E96-229E-431F-BC13-5983A58AC531}.Release|Any CPU.Build.0 = Release|Any CPU
		{474FB4C6-744A-4EC4-974B-85E9A48EE3F7}.Debug|Any CPU.ActiveCfg = Debug|Any CPU
		{474FB4C6-744A-4EC4-974B-85E9A48EE3F7}.Debug|Any CPU.Build.0 = Debug|Any CPU
		{474FB4C6-744A-4EC4-974B-85E9A48EE3F7}.Release|Any CPU.ActiveCfg = Release|Any CPU
		{474FB4C6-744A-4EC4-974B-85E9A48EE3F7}.Release|Any CPU.Build.0 = Release|Any CPU
		{EB843B6A-F9B0-4BFE-A505-4047D3C20E2C}.Debug|Any CPU.ActiveCfg = Debug|Any CPU
		{EB843B6A-F9B0-4BFE-A505-4047D3C20E2C}.Debug|Any CPU.Build.0 = Debug|Any CPU
		{EB843B6A-F9B0-4BFE-A505-4047D3C20E2C}.Release|Any CPU.ActiveCfg = Release|Any CPU
		{EB843B6A-F9B0-4BFE-A505-4047D3C20E2C}.Release|Any CPU.Build.0 = Release|Any CPU
		{6985E6C5-5238-45D0-92FE-7952FD9C2404}.Debug|Any CPU.ActiveCfg = Debug|Any CPU
		{6985E6C5-5238-45D0-92FE-7952FD9C2404}.Debug|Any CPU.Build.0 = Debug|Any CPU
		{6985E6C5-5238-45D0-92FE-7952FD9C2404}.Release|Any CPU.ActiveCfg = Release|Any CPU
		{6985E6C5-5238-45D0-92FE-7952FD9C2404}.Release|Any CPU.Build.0 = Release|Any CPU
	EndGlobalSection
	GlobalSection(SolutionProperties) = preSolution
		HideSolutionNode = FALSE
	EndGlobalSection
	GlobalSection(ExtensibilityGlobals) = postSolution
		SolutionGuid = {7CB43C40-EECA-4B6B-9B7E-2A6E1357903D}
	EndGlobalSection
EndGlobal
