
Microsoft Visual Studio Solution File, Format Version 12.00
# Visual Studio Version 17
VisualStudioVersion = 17.8.34511.84
MinimumVisualStudioVersion = 10.0.40219.1
Project("{FAE04EC0-301F-11D3-BF4B-00C04F79EFBC}") = "AbstractClassesC", "AbstractClassesC\AbstractClassesC.csproj", "{BE8FF1BB-D551-4595-920B-F7C0DA761CA1}"
EndProject
Global
	GlobalSection(SolutionConfigurationPlatforms) = preSolution
		Debug|Any CPU = Debug|Any CPU
		Release|Any CPU = Release|Any CPU
	EndGlobalSection
	GlobalSection(ProjectConfigurationPlatforms) = postSolution
		{BE8FF1BB-D551-4595-920B-F7C0DA761CA1}.Debug|Any CPU.ActiveCfg = Debug|Any CPU
		{BE8FF1BB-D551-4595-920B-F7C0DA761CA1}.Debug|Any CPU.Build.0 = Debug|Any CPU
		{BE8FF1BB-D551-4595-920B-F7C0DA761CA1}.Release|Any CPU.ActiveCfg = Release|Any CPU
		{BE8FF1BB-D551-4595-920B-F7C0DA761CA1}.Release|Any CPU.Build.0 = Release|Any CPU
	EndGlobalSection
	GlobalSection(SolutionProperties) = preSolution
		HideSolutionNode = FALSE
	EndGlobalSection
	GlobalSection(ExtensibilityGlobals) = postSolution
		SolutionGuid = {89B8DFE3-61D0-4937-89CD-08D3473615A0}
	EndGlobalSection
EndGlobal
