
Microsoft Visual Studio Solution File, Format Version 12.00
# Visual Studio Version 17
VisualStudioVersion = 17.8.34511.84
MinimumVisualStudioVersion = 10.0.40219.1
Project("{FAE04EC0-301F-11D3-BF4B-00C04F79EFBC}") = "RegexT", "RegexT\RegexT.csproj", "{F6F87918-4885-416D-89BA-93C1A1AFD2BF}"
EndProject
Global
	GlobalSection(SolutionConfigurationPlatforms) = preSolution
		Debug|Any CPU = Debug|Any CPU
		Release|Any CPU = Release|Any CPU
	EndGlobalSection
	GlobalSection(ProjectConfigurationPlatforms) = postSolution
		{F6F87918-4885-416D-89BA-93C1A1AFD2BF}.Debug|Any CPU.ActiveCfg = Debug|Any CPU
		{F6F87918-4885-416D-89BA-93C1A1AFD2BF}.Debug|Any CPU.Build.0 = Debug|Any CPU
		{F6F87918-4885-416D-89BA-93C1A1AFD2BF}.Release|Any CPU.ActiveCfg = Release|Any CPU
		{F6F87918-4885-416D-89BA-93C1A1AFD2BF}.Release|Any CPU.Build.0 = Release|Any CPU
	EndGlobalSection
	GlobalSection(SolutionProperties) = preSolution
		HideSolutionNode = FALSE
	EndGlobalSection
	GlobalSection(ExtensibilityGlobals) = postSolution
		SolutionGuid = {DB7AEF12-4F3F-4475-868E-0872D4EEABDA}
	EndGlobalSection
EndGlobal
