
Microsoft Visual Studio Solution File, Format Version 12.00
# Visual Studio Version 16
VisualStudioVersion = 25.0.1705.4
MinimumVisualStudioVersion = 10.0.40219.1
Project("{FAE04EC0-301F-11D3-BF4B-00C04F79EFBC}") = "HelloWorld", "HelloWorld\HelloWorld.csproj", "{8FB3A4AE-6634-497A-914C-300F9581AD61}"
EndProject
Global
	GlobalSection(SolutionConfigurationPlatforms) = preSolution
		Debug|Any CPU = Debug|Any CPU
		Release|Any CPU = Release|Any CPU
	EndGlobalSection
	GlobalSection(ProjectConfigurationPlatforms) = postSolution
		{8FB3A4AE-6634-497A-914C-300F9581AD61}.Debug|Any CPU.ActiveCfg = Debug|Any CPU
		{8FB3A4AE-6634-497A-914C-300F9581AD61}.Debug|Any CPU.Build.0 = Debug|Any CPU
		{8FB3A4AE-6634-497A-914C-300F9581AD61}.Release|Any CPU.ActiveCfg = Release|Any CPU
		{8FB3A4AE-6634-497A-914C-300F9581AD61}.Release|Any CPU.Build.0 = Release|Any CPU
	EndGlobalSection
	GlobalSection(SolutionProperties) = preSolution
		HideSolutionNode = FALSE
	EndGlobalSection
	GlobalSection(ExtensibilityGlobals) = postSolution
		SolutionGuid = {BA0A90B0-2D97-4013-A81F-FFBC4F9CC4EC}
	EndGlobalSection
EndGlobal
