
Microsoft Visual Studio Solution File, Format Version 12.00
# Visual Studio Version 17
VisualStudioVersion = 17.5.002.0
MinimumVisualStudioVersion = 10.0.40219.1
Project("{9A19103F-16F7-4668-BE54-9A1E7A4F7556}") = "DOTNET-RPG", "DOTNET-RPG.csproj", "{FBCC7054-DA75-496B-8643-C2A9FA30B77C}"
EndProject
Global
	GlobalSection(SolutionConfigurationPlatforms) = preSolution
		Debug|Any CPU = Debug|Any CPU
		Release|Any CPU = Release|Any CPU
	EndGlobalSection
	GlobalSection(ProjectConfigurationPlatforms) = postSolution
		{FBCC7054-DA75-496B-8643-C2A9FA30B77C}.Debug|Any CPU.ActiveCfg = Debug|Any CPU
		{FBCC7054-DA75-496B-8643-C2A9FA30B77C}.Debug|Any CPU.Build.0 = Debug|Any CPU
		{FBCC7054-DA75-496B-8643-C2A9FA30B77C}.Release|Any CPU.ActiveCfg = Release|Any CPU
		{FBCC7054-DA75-496B-8643-C2A9FA30B77C}.Release|Any CPU.Build.0 = Release|Any CPU
	EndGlobalSection
	GlobalSection(SolutionProperties) = preSolution
		HideSolutionNode = FALSE
	EndGlobalSection
	GlobalSection(ExtensibilityGlobals) = postSolution
		SolutionGuid = {193DDC9D-C856-4EB9-A9D4-6972F89F2D1D}
	EndGlobalSection
EndGlobal
